Microsoft Visual Studio Solution File, Format Version 12.00
# Visual Studio Version 17
VisualStudioVersion = 17.5.2.0
MinimumVisualStudioVersion = 10.0.40219.1
Project("{FAE04EC0-301F-11D3-BF4B-00C04F79EFBC}") = "budget-app-backend", "budget-app-backend.csproj", "{DF66E375-6225-2996-9224-4256C5F4941C}"
EndProject
Global
	GlobalSection(SolutionConfigurationPlatforms) = preSolution
		Debug|Any CPU = Debug|Any CPU
		Release|Any CPU = Release|Any CPU
	EndGlobalSection
	GlobalSection(ProjectConfigurationPlatforms) = postSolution
		{DF66E375-6225-2996-9224-4256C5F4941C}.Debug|Any CPU.ActiveCfg = Debug|Any CPU
		{DF66E375-6225-2996-9224-4256C5F4941C}.Debug|Any CPU.Build.0 = Debug|Any CPU
		{DF66E375-6225-2996-9224-4256C5F4941C}.Release|Any CPU.ActiveCfg = Release|Any CPU
		{DF66E375-6225-2996-9224-4256C5F4941C}.Release|Any CPU.Build.0 = Release|Any CPU
	EndGlobalSection
	GlobalSection(SolutionProperties) = preSolution
		HideSolutionNode = FALSE
	EndGlobalSection
	GlobalSection(ExtensibilityGlobals) = postSolution
		SolutionGuid = {7D4C98EB-B032-4A51-B4D5-6641F0D3A65F}
	EndGlobalSection
EndGlobal
